
Microsoft Visual Studio Solution File, Format Version 12.00
# Visual Studio Version 17
VisualStudioVersion = 17.1.32421.90
MinimumVisualStudioVersion = 10.0.40219.1
Project("{9A19103F-16F7-4668-BE54-9A1E7A4F7556}") = "BuscaPerroApi", "BuscaPerroApi\BuscaPerroApi.csproj", "{ECBD8FAA-0C83-4292-8C9C-09830EFDBD96}"
EndProject
Project("{9A19103F-16F7-4668-BE54-9A1E7A4F7556}") = "BuscaPerro.Domain", "BuscaPerro.Domain\BuscaPerro.Domain.csproj", "{C304257B-0920-4E63-8D51-5F673F9FC888}"
EndProject
Project("{9A19103F-16F7-4668-BE54-9A1E7A4F7556}") = "BuscaPerro.Dal", "BuscaPerro.Dal\BuscaPerro.Dal.csproj", "{623FC9C9-C984-4F55-AB1C-92C8064EEB5B}"
EndProject
Project("{9A19103F-16F7-4668-BE54-9A1E7A4F7556}") = "BuscaPerro.Service", "BuscaPerro.Service\BuscaPerro.Service.csproj", "{FDD8EF49-C1CC-4175-BFA6-CA9A4BF9A556}"
EndProject
Project("{FAE04EC0-301F-11D3-BF4B-00C04F79EFBC}") = "BuscaPerro.Base", "BuscaPerro.Base\BuscaPerro.Base.csproj", "{053FC856-31BA-42C4-AFAD-6F10DED7AEC4}"
EndProject
Global
	GlobalSection(SolutionConfigurationPlatforms) = preSolution
		Debug|Any CPU = Debug|Any CPU
		Release|Any CPU = Release|Any CPU
	EndGlobalSection
	GlobalSection(ProjectConfigurationPlatforms) = postSolution
		{ECBD8FAA-0C83-4292-8C9C-09830EFDBD96}.Debug|Any CPU.ActiveCfg = Debug|Any CPU
		{ECBD8FAA-0C83-4292-8C9C-09830EFDBD96}.Debug|Any CPU.Build.0 = Debug|Any CPU
		{ECBD8FAA-0C83-4292-8C9C-09830EFDBD96}.Release|Any CPU.ActiveCfg = Release|Any CPU
		{ECBD8FAA-0C83-4292-8C9C-09830EFDBD96}.Release|Any CPU.Build.0 = Release|Any CPU
		{C304257B-0920-4E63-8D51-5F673F9FC888}.Debug|Any CPU.ActiveCfg = Debug|Any CPU
		{C304257B-0920-4E63-8D51-5F673F9FC888}.Debug|Any CPU.Build.0 = Debug|Any CPU
		{C304257B-0920-4E63-8D51-5F673F9FC888}.Release|Any CPU.ActiveCfg = Release|Any CPU
		{C304257B-0920-4E63-8D51-5F673F9FC888}.Release|Any CPU.Build.0 = Release|Any CPU
		{623FC9C9-C984-4F55-AB1C-92C8064EEB5B}.Debug|Any CPU.ActiveCfg = Debug|Any CPU
		{623FC9C9-C984-4F55-AB1C-92C8064EEB5B}.Debug|Any CPU.Build.0 = Debug|Any CPU
		{623FC9C9-C984-4F55-AB1C-92C8064EEB5B}.Release|Any CPU.ActiveCfg = Release|Any CPU
		{623FC9C9-C984-4F55-AB1C-92C8064EEB5B}.Release|Any CPU.Build.0 = Release|Any CPU
		{FDD8EF49-C1CC-4175-BFA6-CA9A4BF9A556}.Debug|Any CPU.ActiveCfg = Debug|Any CPU
		{FDD8EF49-C1CC-4175-BFA6-CA9A4BF9A556}.Debug|Any CPU.Build.0 = Debug|Any CPU
		{FDD8EF49-C1CC-4175-BFA6-CA9A4BF9A556}.Release|Any CPU.ActiveCfg = Release|Any CPU
		{FDD8EF49-C1CC-4175-BFA6-CA9A4BF9A556}.Release|Any CPU.Build.0 = Release|Any CPU
		{053FC856-31BA-42C4-AFAD-6F10DED7AEC4}.Debug|Any CPU.ActiveCfg = Debug|Any CPU
		{053FC856-31BA-42C4-AFAD-6F10DED7AEC4}.Debug|Any CPU.Build.0 = Debug|Any CPU
		{053FC856-31BA-42C4-AFAD-6F10DED7AEC4}.Release|Any CPU.ActiveCfg = Release|Any CPU
		{053FC856-31BA-42C4-AFAD-6F10DED7AEC4}.Release|Any CPU.Build.0 = Release|Any CPU
	EndGlobalSection
	GlobalSection(SolutionProperties) = preSolution
		HideSolutionNode = FALSE
	EndGlobalSection
	GlobalSection(ExtensibilityGlobals) = postSolution
		SolutionGuid = {3C9CE8D8-E6FE-4E1C-85B3-1D0C8B209E42}
	EndGlobalSection
EndGlobal
